
Microsoft Visual Studio Solution File, Format Version 12.00
# Visual Studio Version 17
VisualStudioVersion = 17.7.34009.444
MinimumVisualStudioVersion = 10.0.40219.1
Project("{888888A0-9F3D-457C-B088-3A5042F75D52}") = "hanoiHeuristica", "hanoiHeuristica\hanoiHeuristica.pyproj", "{A010A785-609D-40C2-8BE9-78C930B81167}"
EndProject
Global
	GlobalSection(SolutionConfigurationPlatforms) = preSolution
		Debug|Any CPU = Debug|Any CPU
		Release|Any CPU = Release|Any CPU
	EndGlobalSection
	GlobalSection(ProjectConfigurationPlatforms) = postSolution
		{A010A785-609D-40C2-8BE9-78C930B81167}.Debug|Any CPU.ActiveCfg = Debug|Any CPU
		{A010A785-609D-40C2-8BE9-78C930B81167}.Release|Any CPU.ActiveCfg = Release|Any CPU
	EndGlobalSection
	GlobalSection(SolutionProperties) = preSolution
		HideSolutionNode = FALSE
	EndGlobalSection
	GlobalSection(ExtensibilityGlobals) = postSolution
		SolutionGuid = {FC93CE65-6587-4BD3-928A-F0F3384CE1E0}
	EndGlobalSection
EndGlobal
